# This file is generated by running "yarn install" inside your project.
# Manual changes might be lost - proceed with caution!

__metadata:
  version: 6
  cacheKey: 8

"@heekkr/heekkr@workspace:.":
  version: 0.0.0-use.local
  resolution: "@heekkr/heekkr@workspace:."
  dependencies:
    google-protobuf: ^3.21.2
    grpc-web: ^1.4.2
  languageName: unknown
  linkType: soft

"google-protobuf@npm:^3.21.2":
  version: 3.21.2
  resolution: "google-protobuf@npm:3.21.2"
  checksum: 3caa2e1e2654714cc1a201ac5e5faabcaa48f5fba3d8ff9b64ca66fe19e4e0506b94053f32eddc77bf3a7a47ac1660315c6744185c1e2bb27654fd76fe91b988
  languageName: node
  linkType: hard

"grpc-web@npm:^1.4.2":
  version: 1.4.2
  resolution: "grpc-web@npm:1.4.2"
  checksum: 624bb14bb3a5bcd5354cce6b4873b90b574a32227abdc29f241b2dbc81363492f49dcbd257a47963bdd8e61a49b69303bd03087f42d939d48148b4764bf2a2e6
  languageName: node
  linkType: hard
